// !$*UTF8*$!
{
	archiveVersion = 1;
	classes = {
	};
	objectVersion = 48;
	objects = {

/* Begin PBXBuildFile section */
		A02A022720A299B4006FB6C6 /* AppDelegate.swift in Sources */ = {isa = PBXBuildFile; fileRef = A02A021820A299B4006FB6C6 /* AppDelegate.swift */; };
		A02A022920A299B4006FB6C6 /* Assets.xcassets in Resources */ = {isa = PBXBuildFile; fileRef = A02A022320A299B4006FB6C6 /* Assets.xcassets */; };
		A02A022A20A299B4006FB6C6 /* LaunchScreen.storyboard in Resources */ = {isa = PBXBuildFile; fileRef = A02A022520A299B4006FB6C6 /* LaunchScreen.storyboard */; };
		A02A022B20A299B4006FB6C6 /* Main.storyboard in Resources */ = {isa = PBXBuildFile; fileRef = A02A022620A299B4006FB6C6 /* Main.storyboard */; };
		A02A022D20A29A57006FB6C6 /* HomeViewController.swift in Sources */ = {isa = PBXBuildFile; fileRef = A02A022C20A29A57006FB6C6 /* HomeViewController.swift */; };
		A02A022F20A29A70006FB6C6 /* HomeViewModel.swift in Sources */ = {isa = PBXBuildFile; fileRef = A02A022E20A29A70006FB6C6 /* HomeViewModel.swift */; };
		A02A023120A29AA8006FB6C6 /* HomeInteractor.swift in Sources */ = {isa = PBXBuildFile; fileRef = A02A023020A29AA8006FB6C6 /* HomeInteractor.swift */; };
		A02A023420A2A1DE006FB6C6 /* BaseAPI.swift in Sources */ = {isa = PBXBuildFile; fileRef = A02A023320A2A1DE006FB6C6 /* BaseAPI.swift */; };
		A02A023720A2A48D006FB6C6 /* Error+Extension.swift in Sources */ = {isa = PBXBuildFile; fileRef = A02A023620A2A48D006FB6C6 /* Error+Extension.swift */; };
		A02A023A20A2A7FA006FB6C6 /* PokemonListRequest.swift in Sources */ = {isa = PBXBuildFile; fileRef = A02A023920A2A7FA006FB6C6 /* PokemonListRequest.swift */; };
		A02A023C20A2A843006FB6C6 /* Pokemon.swift in Sources */ = {isa = PBXBuildFile; fileRef = A02A023B20A2A843006FB6C6 /* Pokemon.swift */; };
		A02A023E20A2AC1D006FB6C6 /* PokemonListResult.swift in Sources */ = {isa = PBXBuildFile; fileRef = A02A023D20A2AC1D006FB6C6 /* PokemonListResult.swift */; };
		A02A024020A2AFBB006FB6C6 /* PokemonCell.swift in Sources */ = {isa = PBXBuildFile; fileRef = A02A023F20A2AFBB006FB6C6 /* PokemonCell.swift */; };
		A02A024220A2B2B9006FB6C6 /* Array+Extension.swift in Sources */ = {isa = PBXBuildFile; fileRef = A02A024120A2B2B9006FB6C6 /* Array+Extension.swift */; };
		A02A024420A2B54A006FB6C6 /* TableViewCell+Extension.swift in Sources */ = {isa = PBXBuildFile; fileRef = A02A024320A2B54A006FB6C6 /* TableViewCell+Extension.swift */; };
		A02A024720A2B969006FB6C6 /* LocalDataBase.swift in Sources */ = {isa = PBXBuildFile; fileRef = A02A024620A2B969006FB6C6 /* LocalDataBase.swift */; };
		A02A024920A2BD85006FB6C6 /* UIViewController+Extension.swift in Sources */ = {isa = PBXBuildFile; fileRef = A02A024820A2BD85006FB6C6 /* UIViewController+Extension.swift */; };
		A084371C20A2984C00D2A2D0 /* PokemonTests.swift in Sources */ = {isa = PBXBuildFile; fileRef = A084371B20A2984C00D2A2D0 /* PokemonTests.swift */; };
/* End PBXBuildFile section */

/* Begin PBXContainerItemProxy section */
		A084371820A2984C00D2A2D0 /* PBXContainerItemProxy */ = {
			isa = PBXContainerItemProxy;
			containerPortal = A08436F820A2984C00D2A2D0 /* Project object */;
			proxyType = 1;
			remoteGlobalIDString = A08436FF20A2984C00D2A2D0;
			remoteInfo = Pokemon;
		};
/* End PBXContainerItemProxy section */

/* Begin PBXFileReference section */
		A02A021820A299B4006FB6C6 /* AppDelegate.swift */ = {isa = PBXFileReference; fileEncoding = 4; lastKnownFileType = sourcecode.swift; path = AppDelegate.swift; sourceTree = "<group>"; };
		A02A022120A299B4006FB6C6 /* Info.plist */ = {isa = PBXFileReference; fileEncoding = 4; lastKnownFileType = text.plist.xml; path = Info.plist; sourceTree = "<group>"; };
		A02A022320A299B4006FB6C6 /* Assets.xcassets */ = {isa = PBXFileReference; lastKnownFileType = folder.assetcatalog; path = Assets.xcassets; sourceTree = "<group>"; };
		A02A022520A299B4006FB6C6 /* LaunchScreen.storyboard */ = {isa = PBXFileReference; fileEncoding = 4; lastKnownFileType = file.storyboard; path = LaunchScreen.storyboard; sourceTree = "<group>"; };
		A02A022620A299B4006FB6C6 /* Main.storyboard */ = {isa = PBXFileReference; fileEncoding = 4; lastKnownFileType = file.storyboard; path = Main.storyboard; sourceTree = "<group>"; };
		A02A022C20A29A57006FB6C6 /* HomeViewController.swift */ = {isa = PBXFileReference; lastKnownFileType = sourcecode.swift; path = HomeViewController.swift; sourceTree = "<group>"; };
		A02A022E20A29A70006FB6C6 /* HomeViewModel.swift */ = {isa = PBXFileReference; lastKnownFileType = sourcecode.swift; path = HomeViewModel.swift; sourceTree = "<group>"; };
		A02A023020A29AA8006FB6C6 /* HomeInteractor.swift */ = {isa = PBXFileReference; lastKnownFileType = sourcecode.swift; path = HomeInteractor.swift; sourceTree = "<group>"; };
		A02A023320A2A1DE006FB6C6 /* BaseAPI.swift */ = {isa = PBXFileReference; lastKnownFileType = sourcecode.swift; path = BaseAPI.swift; sourceTree = "<group>"; };
		A02A023620A2A48D006FB6C6 /* Error+Extension.swift */ = {isa = PBXFileReference; lastKnownFileType = sourcecode.swift; path = "Error+Extension.swift"; sourceTree = "<group>"; };
		A02A023920A2A7FA006FB6C6 /* PokemonListRequest.swift */ = {isa = PBXFileReference; lastKnownFileType = sourcecode.swift; path = PokemonListRequest.swift; sourceTree = "<group>"; };
		A02A023B20A2A843006FB6C6 /* Pokemon.swift */ = {isa = PBXFileReference; lastKnownFileType = sourcecode.swift; path = Pokemon.swift; sourceTree = "<group>"; };
		A02A023D20A2AC1D006FB6C6 /* PokemonListResult.swift */ = {isa = PBXFileReference; lastKnownFileType = sourcecode.swift; path = PokemonListResult.swift; sourceTree = "<group>"; };
		A02A023F20A2AFBB006FB6C6 /* PokemonCell.swift */ = {isa = PBXFileReference; lastKnownFileType = sourcecode.swift; path = PokemonCell.swift; sourceTree = "<group>"; };
		A02A024120A2B2B9006FB6C6 /* Array+Extension.swift */ = {isa = PBXFileReference; lastKnownFileType = sourcecode.swift; path = "Array+Extension.swift"; sourceTree = "<group>"; };
		A02A024320A2B54A006FB6C6 /* TableViewCell+Extension.swift */ = {isa = PBXFileReference; lastKnownFileType = sourcecode.swift; path = "TableViewCell+Extension.swift"; sourceTree = "<group>"; };
		A02A024620A2B969006FB6C6 /* LocalDataBase.swift */ = {isa = PBXFileReference; fileEncoding = 4; lastKnownFileType = sourcecode.swift; path = LocalDataBase.swift; sourceTree = "<group>"; };
		A02A024820A2BD85006FB6C6 /* UIViewController+Extension.swift */ = {isa = PBXFileReference; lastKnownFileType = sourcecode.swift; path = "UIViewController+Extension.swift"; sourceTree = "<group>"; };
		A084370020A2984C00D2A2D0 /* Pokemon.app */ = {isa = PBXFileReference; explicitFileType = wrapper.application; includeInIndex = 0; path = Pokemon.app; sourceTree = BUILT_PRODUCTS_DIR; };
		A084371720A2984C00D2A2D0 /* PokemonTests.xctest */ = {isa = PBXFileReference; explicitFileType = wrapper.cfbundle; includeInIndex = 0; path = PokemonTests.xctest; sourceTree = BUILT_PRODUCTS_DIR; };
		A084371B20A2984C00D2A2D0 /* PokemonTests.swift */ = {isa = PBXFileReference; lastKnownFileType = sourcecode.swift; path = PokemonTests.swift; sourceTree = "<group>"; };
		A084371D20A2984C00D2A2D0 /* Info.plist */ = {isa = PBXFileReference; lastKnownFileType = text.plist.xml; path = Info.plist; sourceTree = "<group>"; };
/* End PBXFileReference section */

/* Begin PBXFrameworksBuildPhase section */
		A08436FD20A2984C00D2A2D0 /* Frameworks */ = {
			isa = PBXFrameworksBuildPhase;
			buildActionMask = 2147483647;
			files = (
			);
			runOnlyForDeploymentPostprocessing = 0;
		};
		A084371420A2984C00D2A2D0 /* Frameworks */ = {
			isa = PBXFrameworksBuildPhase;
			buildActionMask = 2147483647;
			files = (
			);
			runOnlyForDeploymentPostprocessing = 0;
		};
/* End PBXFrameworksBuildPhase section */

/* Begin PBXGroup section */
		A02A021620A299B4006FB6C6 /* Pokemon */ = {
			isa = PBXGroup;
			children = (
				A02A021720A299B4006FB6C6 /* AppDelegate */,
				A02A021920A299B4006FB6C6 /* Base */,
				A02A022220A299B4006FB6C6 /* Others */,
				A02A022420A299B4006FB6C6 /* Storyboard */,
			);
			path = Pokemon;
			sourceTree = "<group>";
		};
		A02A021720A299B4006FB6C6 /* AppDelegate */ = {
			isa = PBXGroup;
			children = (
				A02A021820A299B4006FB6C6 /* AppDelegate.swift */,
			);
			path = AppDelegate;
			sourceTree = "<group>";
		};
		A02A021920A299B4006FB6C6 /* Base */ = {
			isa = PBXGroup;
			children = (
				A02A021A20A299B4006FB6C6 /* Controllers */,
				A02A021E20A299B4006FB6C6 /* LocalData */,
				A02A021F20A299B4006FB6C6 /* Model */,
				A02A022020A299B4006FB6C6 /* Network */,
			);
			path = Base;
			sourceTree = "<group>";
		};
		A02A021A20A299B4006FB6C6 /* Controllers */ = {
			isa = PBXGroup;
			children = (
				A02A021C20A299B4006FB6C6 /* HomeViewController */,
			);
			path = Controllers;
			sourceTree = "<group>";
		};
		A02A021C20A299B4006FB6C6 /* HomeViewController */ = {
			isa = PBXGroup;
			children = (
				A02A021D20A299B4006FB6C6 /* Components */,
				A02A022C20A29A57006FB6C6 /* HomeViewController.swift */,
				A02A022E20A29A70006FB6C6 /* HomeViewModel.swift */,
				A02A023020A29AA8006FB6C6 /* HomeInteractor.swift */,
			);
			path = HomeViewController;
			sourceTree = "<group>";
		};
		A02A021D20A299B4006FB6C6 /* Components */ = {
			isa = PBXGroup;
			children = (
				A02A023F20A2AFBB006FB6C6 /* PokemonCell.swift */,
			);
			path = Components;
			sourceTree = "<group>";
		};
		A02A021E20A299B4006FB6C6 /* LocalData */ = {
			isa = PBXGroup;
			children = (
				A02A024620A2B969006FB6C6 /* LocalDataBase.swift */,
			);
			path = LocalData;
			sourceTree = "<group>";
		};
		A02A021F20A299B4006FB6C6 /* Model */ = {
			isa = PBXGroup;
			children = (
				A02A023D20A2AC1D006FB6C6 /* PokemonListResult.swift */,
				A02A023B20A2A843006FB6C6 /* Pokemon.swift */,
			);
			path = Model;
			sourceTree = "<group>";
		};
		A02A022020A299B4006FB6C6 /* Network */ = {
			isa = PBXGroup;
			children = (
				A02A023820A2A7D1006FB6C6 /* Requests */,
				A02A023220A2A1D0006FB6C6 /* BaseAPI */,
			);
			path = Network;
			sourceTree = "<group>";
		};
		A02A022220A299B4006FB6C6 /* Others */ = {
			isa = PBXGroup;
			children = (
				A02A023520A2A238006FB6C6 /* Extension */,
				A02A022320A299B4006FB6C6 /* Assets.xcassets */,
			);
			path = Others;
			sourceTree = "<group>";
		};
		A02A022420A299B4006FB6C6 /* Storyboard */ = {
			isa = PBXGroup;
			children = (
				A02A022520A299B4006FB6C6 /* LaunchScreen.storyboard */,
				A02A022620A299B4006FB6C6 /* Main.storyboard */,
			);
			path = Storyboard;
			sourceTree = "<group>";
		};
		A02A023220A2A1D0006FB6C6 /* BaseAPI */ = {
			isa = PBXGroup;
			children = (
				A02A023320A2A1DE006FB6C6 /* BaseAPI.swift */,
			);
			path = BaseAPI;
			sourceTree = "<group>";
		};
		A02A023520A2A238006FB6C6 /* Extension */ = {
			isa = PBXGroup;
			children = (
				A02A023620A2A48D006FB6C6 /* Error+Extension.swift */,
				A02A024120A2B2B9006FB6C6 /* Array+Extension.swift */,
				A02A024320A2B54A006FB6C6 /* TableViewCell+Extension.swift */,
				A02A024820A2BD85006FB6C6 /* UIViewController+Extension.swift */,
			);
			path = Extension;
			sourceTree = "<group>";
		};
		A02A023820A2A7D1006FB6C6 /* Requests */ = {
			isa = PBXGroup;
			children = (
				A02A023920A2A7FA006FB6C6 /* PokemonListRequest.swift */,
			);
			path = Requests;
			sourceTree = "<group>";
		};
		A08436F720A2984C00D2A2D0 = {
			isa = PBXGroup;
			children = (
				A02A021620A299B4006FB6C6 /* Pokemon */,
				A02A022120A299B4006FB6C6 /* Info.plist */,
				A084371A20A2984C00D2A2D0 /* PokemonTests */,
				A084370120A2984C00D2A2D0 /* Products */,
			);
			sourceTree = "<group>";
		};
		A084370120A2984C00D2A2D0 /* Products */ = {
			isa = PBXGroup;
			children = (
				A084370020A2984C00D2A2D0 /* Pokemon.app */,
				A084371720A2984C00D2A2D0 /* PokemonTests.xctest */,
			);
			name = Products;
			sourceTree = "<group>";
		};
		A084371A20A2984C00D2A2D0 /* PokemonTests */ = {
			isa = PBXGroup;
			children = (
				A084371B20A2984C00D2A2D0 /* PokemonTests.swift */,
				A084371D20A2984C00D2A2D0 /* Info.plist */,
			);
			path = PokemonTests;
			sourceTree = "<group>";
		};
/* End PBXGroup section */

/* Begin PBXNativeTarget section */
		A08436FF20A2984C00D2A2D0 /* Pokemon */ = {
			isa = PBXNativeTarget;
			buildConfigurationList = A084372020A2984C00D2A2D0 /* Build configuration list for PBXNativeTarget "Pokemon" */;
			buildPhases = (
				A08436FC20A2984C00D2A2D0 /* Sources */,
				A08436FD20A2984C00D2A2D0 /* Frameworks */,
				A08436FE20A2984C00D2A2D0 /* Resources */,
			);
			buildRules = (
			);
			dependencies = (
			);
			name = Pokemon;
			productName = Pokemon;
			productReference = A084370020A2984C00D2A2D0 /* Pokemon.app */;
			productType = "com.apple.product-type.application";
		};
		A084371620A2984C00D2A2D0 /* PokemonTests */ = {
			isa = PBXNativeTarget;
			buildConfigurationList = A084372320A2984C00D2A2D0 /* Build configuration list for PBXNativeTarget "PokemonTests" */;
			buildPhases = (
				A084371320A2984C00D2A2D0 /* Sources */,
				A084371420A2984C00D2A2D0 /* Frameworks */,
				A084371520A2984C00D2A2D0 /* Resources */,
			);
			buildRules = (
			);
			dependencies = (
				A084371920A2984C00D2A2D0 /* PBXTargetDependency */,
			);
			name = PokemonTests;
			productName = PokemonTests;
			productReference = A084371720A2984C00D2A2D0 /* PokemonTests.xctest */;
			productType = "com.apple.product-type.bundle.unit-test";
		};
/* End PBXNativeTarget section */

/* Begin PBXProject section */
		A08436F820A2984C00D2A2D0 /* Project object */ = {
			isa = PBXProject;
			attributes = {
				LastSwiftUpdateCheck = 0920;
				LastUpgradeCheck = 0930;
				ORGANIZATIONNAME = "Vinicius Minozzi";
				TargetAttributes = {
					A08436FF20A2984C00D2A2D0 = {
						CreatedOnToolsVersion = 9.2;
						ProvisioningStyle = Automatic;
					};
					A084371620A2984C00D2A2D0 = {
						CreatedOnToolsVersion = 9.2;
						ProvisioningStyle = Automatic;
						TestTargetID = A08436FF20A2984C00D2A2D0;
					};
				};
			};
			buildConfigurationList = A08436FB20A2984C00D2A2D0 /* Build configuration list for PBXProject "Pokemon" */;
			compatibilityVersion = "Xcode 8.0";
			developmentRegion = en;
			hasScannedForEncodings = 0;
			knownRegions = (
				en,
				Base,
			);
			mainGroup = A08436F720A2984C00D2A2D0;
			productRefGroup = A084370120A2984C00D2A2D0 /* Products */;
			projectDirPath = "";
			projectRoot = "";
			targets = (
				A08436FF20A2984C00D2A2D0 /* Pokemon */,
				A084371620A2984C00D2A2D0 /* PokemonTests */,
			);
		};
/* End PBXProject section */

/* Begin PBXResourcesBuildPhase section */
		A08436FE20A2984C00D2A2D0 /* Resources */ = {
			isa = PBXResourcesBuildPhase;
			buildActionMask = 2147483647;
			files = (
				A02A022A20A299B4006FB6C6 /* LaunchScreen.storyboard in Resources */,
				A02A022920A299B4006FB6C6 /* Assets.xcassets in Resources */,
				A02A022B20A299B4006FB6C6 /* Main.storyboard in Resources */,
			);
			runOnlyForDeploymentPostprocessing = 0;
		};
		A084371520A2984C00D2A2D0 /* Resources */ = {
			isa = PBXResourcesBuildPhase;
			buildActionMask = 2147483647;
			files = (
			);
			runOnlyForDeploymentPostprocessing = 0;
		};
/* End PBXResourcesBuildPhase section */

/* Begin PBXSourcesBuildPhase section */
		A08436FC20A2984C00D2A2D0 /* Sources */ = {
			isa = PBXSourcesBuildPhase;
			buildActionMask = 2147483647;
			files = (
				A02A022720A299B4006FB6C6 /* AppDelegate.swift in Sources */,
				A02A023C20A2A843006FB6C6 /* Pokemon.swift in Sources */,
				A02A023E20A2AC1D006FB6C6 /* PokemonListResult.swift in Sources */,
				A02A024420A2B54A006FB6C6 /* TableViewCell+Extension.swift in Sources */,
				A02A024920A2BD85006FB6C6 /* UIViewController+Extension.swift in Sources */,
				A02A024220A2B2B9006FB6C6 /* Array+Extension.swift in Sources */,
				A02A022F20A29A70006FB6C6 /* HomeViewModel.swift in Sources */,
				A02A022D20A29A57006FB6C6 /* HomeViewController.swift in Sources */,
				A02A024720A2B969006FB6C6 /* LocalDataBase.swift in Sources */,
				A02A024020A2AFBB006FB6C6 /* PokemonCell.swift in Sources */,
				A02A023120A29AA8006FB6C6 /* HomeInteractor.swift in Sources */,
				A02A023A20A2A7FA006FB6C6 /* PokemonListRequest.swift in Sources */,
				A02A023720A2A48D006FB6C6 /* Error+Extension.swift in Sources */,
				A02A023420A2A1DE006FB6C6 /* BaseAPI.swift in Sources */,
			);
			runOnlyForDeploymentPostprocessing = 0;
		};
		A084371320A2984C00D2A2D0 /* Sources */ = {
			isa = PBXSourcesBuildPhase;
			buildActionMask = 2147483647;
			files = (
				A084371C20A2984C00D2A2D0 /* PokemonTests.swift in Sources */,
			);
			runOnlyForDeploymentPostprocessing = 0;
		};
/* End PBXSourcesBuildPhase section */

/* Begin PBXTargetDependency section */
		A084371920A2984C00D2A2D0 /* PBXTargetDependency */ = {
			isa = PBXTargetDependency;
			target = A08436FF20A2984C00D2A2D0 /* Pokemon */;
			targetProxy = A084371820A2984C00D2A2D0 /* PBXContainerItemProxy */;
		};
/* End PBXTargetDependency section */

/* Begin XCBuildConfiguration section */
		A084371E20A2984C00D2A2D0 /* Debug */ = {
			isa = XCBuildConfiguration;
			buildSettings = {
				ALWAYS_SEARCH_USER_PATHS = NO;
				CLANG_ANALYZER_NONNULL = YES;
				CLANG_ANALYZER_NUMBER_OBJECT_CONVERSION = YES_AGGRESSIVE;
				CLANG_CXX_LANGUAGE_STANDARD = "gnu++14";
				CLANG_CXX_LIBRARY = "libc++";
				CLANG_ENABLE_MODULES = YES;
				CLANG_ENABLE_OBJC_ARC = YES;
				CLANG_WARN_BLOCK_CAPTURE_AUTORELEASING = YES;
				CLANG_WARN_BOOL_CONVERSION = YES;
				CLANG_WARN_COMMA = YES;
				CLANG_WARN_CONSTANT_CONVERSION = YES;
				CLANG_WARN_DEPRECATED_OBJC_IMPLEMENTATIONS = YES;
				CLANG_WARN_DIRECT_OBJC_ISA_USAGE = YES_ERROR;
				CLANG_WARN_DOCUMENTATION_COMMENTS = YES;
				CLANG_WARN_EMPTY_BODY = YES;
				CLANG_WARN_ENUM_CONVERSION = YES;
				CLANG_WARN_INFINITE_RECURSION = YES;
				CLANG_WARN_INT_CONVERSION = YES;
				CLANG_WARN_NON_LITERAL_NULL_CONVERSION = YES;
				CLANG_WARN_OBJC_IMPLICIT_RETAIN_SELF = YES;
				CLANG_WARN_OBJC_LITERAL_CONVERSION = YES;
				CLANG_WARN_OBJC_ROOT_CLASS = YES_ERROR;
				CLANG_WARN_RANGE_LOOP_ANALYSIS = YES;
				CLANG_WARN_STRICT_PROTOTYPES = YES;
				CLANG_WARN_SUSPICIOUS_MOVE = YES;
				CLANG_WARN_UNGUARDED_AVAILABILITY = YES_AGGRESSIVE;
				CLANG_WARN_UNREACHABLE_CODE = YES;
				CLANG_WARN__DUPLICATE_METHOD_MATCH = YES;
				CODE_SIGN_IDENTITY = "iPhone Developer";
				COPY_PHASE_STRIP = NO;
				DEBUG_INFORMATION_FORMAT = dwarf;
				ENABLE_STRICT_OBJC_MSGSEND = YES;
				ENABLE_TESTABILITY = YES;
				GCC_C_LANGUAGE_STANDARD = gnu11;
				GCC_DYNAMIC_NO_PIC = NO;
				GCC_NO_COMMON_BLOCKS = YES;
				GCC_OPTIMIZATION_LEVEL = 0;
				GCC_PREPROCESSOR_DEFINITIONS = (
					"DEBUG=1",
					"$(inherited)",
				);
				GCC_WARN_64_TO_32_BIT_CONVERSION = YES;
				GCC_WARN_ABOUT_RETURN_TYPE = YES_ERROR;
				GCC_WARN_UNDECLARED_SELECTOR = YES;
				GCC_WARN_UNINITIALIZED_AUTOS = YES_AGGRESSIVE;
				GCC_WARN_UNUSED_FUNCTION = YES;
				GCC_WARN_UNUSED_VARIABLE = YES;
				IPHONEOS_DEPLOYMENT_TARGET = 11.2;
				MTL_ENABLE_DEBUG_INFO = YES;
				ONLY_ACTIVE_ARCH = YES;
				SDKROOT = iphoneos;
				SWIFT_ACTIVE_COMPILATION_CONDITIONS = DEBUG;
				SWIFT_OPTIMIZATION_LEVEL = "-Onone";
			};
			name = Debug;
		};
		A084371F20A2984C00D2A2D0 /* Release */ = {
			isa = XCBuildConfiguration;
			buildSettings = {
				ALWAYS_SEARCH_USER_PATHS = NO;
				CLANG_ANALYZER_NONNULL = YES;
				CLANG_ANALYZER_NUMBER_OBJECT_CONVERSION = YES_AGGRESSIVE;
				CLANG_CXX_LANGUAGE_STANDARD = "gnu++14";
				CLANG_CXX_LIBRARY = "libc++";
				CLANG_ENABLE_MODULES = YES;
				CLANG_ENABLE_OBJC_ARC = YES;
				CLANG_WARN_BLOCK_CAPTURE_AUTORELEASING = YES;
				CLANG_WARN_BOOL_CONVERSION = YES;
				CLANG_WARN_COMMA = YES;
				CLANG_WARN_CONSTANT_CONVERSION = YES;
				CLANG_WARN_DEPRECATED_OBJC_IMPLEMENTATIONS = YES;
				CLANG_WARN_DIRECT_OBJC_ISA_USAGE = YES_ERROR;
				CLANG_WARN_DOCUMENTATION_COMMENTS = YES;
				CLANG_WARN_EMPTY_BODY = YES;
				CLANG_WARN_ENUM_CONVERSION = YES;
				CLANG_WARN_INFINITE_RECURSION = YES;
				CLANG_WARN_INT_CONVERSION = YES;
				CLANG_WARN_NON_LITERAL_NULL_CONVERSION = YES;
				CLANG_WARN_OBJC_IMPLICIT_RETAIN_SELF = YES;
				CLANG_WARN_OBJC_LITERAL_CONVERSION = YES;
				CLANG_WARN_OBJC_ROOT_CLASS = YES_ERROR;
				CLANG_WARN_RANGE_LOOP_ANALYSIS = YES;
				CLANG_WARN_STRICT_PROTOTYPES = YES;
				CLANG_WARN_SUSPICIOUS_MOVE = YES;
				CLANG_WARN_UNGUARDED_AVAILABILITY = YES_AGGRESSIVE;
				CLANG_WARN_UNREACHABLE_CODE = YES;
				CLANG_WARN__DUPLICATE_METHOD_MATCH = YES;
				CODE_SIGN_IDENTITY = "iPhone Developer";
				COPY_PHASE_STRIP = NO;
				DEBUG_INFORMATION_FORMAT = "dwarf-with-dsym";
				ENABLE_NS_ASSERTIONS = NO;
				ENABLE_STRICT_OBJC_MSGSEND = YES;
				GCC_C_LANGUAGE_STANDARD = gnu11;
				GCC_NO_COMMON_BLOCKS = YES;
				GCC_WARN_64_TO_32_BIT_CONVERSION = YES;
				GCC_WARN_ABOUT_RETURN_TYPE = YES_ERROR;
				GCC_WARN_UNDECLARED_SELECTOR = YES;
				GCC_WARN_UNINITIALIZED_AUTOS = YES_AGGRESSIVE;
				GCC_WARN_UNUSED_FUNCTION = YES;
				GCC_WARN_UNUSED_VARIABLE = YES;
				IPHONEOS_DEPLOYMENT_TARGET = 11.2;
				MTL_ENABLE_DEBUG_INFO = NO;
				SDKROOT = iphoneos;
				SWIFT_OPTIMIZATION_LEVEL = "-Owholemodule";
				VALIDATE_PRODUCT = YES;
			};
			name = Release;
		};
		A084372120A2984C00D2A2D0 /* Debug */ = {
			isa = XCBuildConfiguration;
			buildSettings = {
				ASSETCATALOG_COMPILER_APPICON_NAME = AppIcon;
				CODE_SIGN_STYLE = Automatic;
				DEVELOPMENT_TEAM = H6R55LXW96;
				INFOPLIST_FILE = Info.plist;
				LD_RUNPATH_SEARCH_PATHS = "$(inherited) @executable_path/Frameworks";
				PRODUCT_BUNDLE_IDENTIFIER = minozzi.vinicius.Pokemon;
				PRODUCT_NAME = "$(TARGET_NAME)";
				SWIFT_VERSION = 4.0;
				TARGETED_DEVICE_FAMILY = "1,2";
			};
			name = Debug;
		};
		A084372220A2984C00D2A2D0 /* Release */ = {
			isa = XCBuildConfiguration;
			buildSettings = {
				ASSETCATALOG_COMPILER_APPICON_NAME = AppIcon;
				CODE_SIGN_STYLE = Automatic;
				DEVELOPMENT_TEAM = H6R55LXW96;
				INFOPLIST_FILE = Info.plist;
				LD_RUNPATH_SEARCH_PATHS = "$(inherited) @executable_path/Frameworks";
				PRODUCT_BUNDLE_IDENTIFIER = minozzi.vinicius.Pokemon;
				PRODUCT_NAME = "$(TARGET_NAME)";
				SWIFT_VERSION = 4.0;
				TARGETED_DEVICE_FAMILY = "1,2";
			};
			name = Release;
		};
		A084372420A2984C00D2A2D0 /* Debug */ = {
			isa = XCBuildConfiguration;
			buildSettings = {
				ALWAYS_EMBED_SWIFT_STANDARD_LIBRARIES = YES;
				BUNDLE_LOADER = "$(TEST_HOST)";
				CODE_SIGN_STYLE = Automatic;
				DEVELOPMENT_TEAM = H6R55LXW96;
				INFOPLIST_FILE = PokemonTests/Info.plist;
				LD_RUNPATH_SEARCH_PATHS = "$(inherited) @executable_path/Frameworks @loader_path/Frameworks";
				PRODUCT_BUNDLE_IDENTIFIER = minozzi.vinicius.PokemonTests;
				PRODUCT_NAME = "$(TARGET_NAME)";
				SWIFT_VERSION = 4.0;
				TARGETED_DEVICE_FAMILY = "1,2";
				TEST_HOST = "$(BUILT_PRODUCTS_DIR)/Pokemon.app/Pokemon";
			};
			name = Debug;
		};
		A084372520A2984C00D2A2D0 /* Release */ = {
			isa = XCBuildConfiguration;
			buildSettings = {
				ALWAYS_EMBED_SWIFT_STANDARD_LIBRARIES = YES;
				BUNDLE_LOADER = "$(TEST_HOST)";
				CODE_SIGN_STYLE = Automatic;
				DEVELOPMENT_TEAM = H6R55LXW96;
				INFOPLIST_FILE = PokemonTests/Info.plist;
				LD_RUNPATH_SEARCH_PATHS = "$(inherited) @executable_path/Frameworks @loader_path/Frameworks";
				PRODUCT_BUNDLE_IDENTIFIER = minozzi.vinicius.PokemonTests;
				PRODUCT_NAME = "$(TARGET_NAME)";
				SWIFT_VERSION = 4.0;
				TARGETED_DEVICE_FAMILY = "1,2";
				TEST_HOST = "$(BUILT_PRODUCTS_DIR)/Pokemon.app/Pokemon";
			};
			name = Release;
		};
/* End XCBuildConfiguration section */

/* Begin XCConfigurationList section */
		A08436FB20A2984C00D2A2D0 /* Build configuration list for PBXProject "Pokemon" */ = {
			isa = XCConfigurationList;
			buildConfigurations = (
				A084371E20A2984C00D2A2D0 /* Debug */,
				A084371F20A2984C00D2A2D0 /* Release */,
			);
			defaultConfigurationIsVisible = 0;
			defaultConfigurationName = Release;
		};
		A084372020A2984C00D2A2D0 /* Build configuration list for PBXNativeTarget "Pokemon" */ = {
			isa = XCConfigurationList;
			buildConfigurations = (
				A084372120A2984C00D2A2D0 /* Debug */,
				A084372220A2984C00D2A2D0 /* Release */,
			);
			defaultConfigurationIsVisible = 0;
			defaultConfigurationName = Release;
		};
		A084372320A2984C00D2A2D0 /* Build configuration list for PBXNativeTarget "PokemonTests" */ = {
			isa = XCConfigurationList;
			buildConfigurations = (
				A084372420A2984C00D2A2D0 /* Debug */,
				A084372520A2984C00D2A2D0 /* Release */,
			);
			defaultConfigurationIsVisible = 0;
			defaultConfigurationName = Release;
		};
/* End XCConfigurationList section */
	};
	rootObject = A08436F820A2984C00D2A2D0 /* Project object */;
}
